
Microsoft Visual Studio Solution File, Format Version 12.00
# Visual Studio 15
VisualStudioVersion = 15.0.27520.0
MinimumVisualStudioVersion = 10.0.40219.1
Project("{2150E333-8FDC-42A3-9474-1A3956D46DE8}") = "Infrastructure", "Infrastructure", "{66413A2C-2D50-4818-BF7A-53D5124B76F1}"
EndProject
Project("{9A19103F-16F7-4668-BE54-9A1E7A4F7556}") = "Lake.ADream.Infrastructure", "Lake.ADream.Infrastructure\Lake.ADream.Infrastructure.csproj", "{B05E7158-1193-473A-892B-0811F04808DD}"
EndProject
Project("{2150E333-8FDC-42A3-9474-1A3956D46DE8}") = "Test", "Test", "{59766D22-BD87-4F7E-BAE4-0EDF2E805932}"
EndProject
Project("{9A19103F-16F7-4668-BE54-9A1E7A4F7556}") = "Lake.ADream.Infrastucture.Test", "Lake.ADream.Infrastucture.Test\Lake.ADream.Infrastucture.Test.csproj", "{1AEC55F7-42B3-4E3A-8B2A-2213CB16A690}"
EndProject
Project("{2150E333-8FDC-42A3-9474-1A3956D46DE8}") = "Models", "Models", "{3C6D525F-EBD9-4482-B7FA-479B6470B45B}"
EndProject
Project("{9A19103F-16F7-4668-BE54-9A1E7A4F7556}") = "Lake.ADream.Models", "Lake.ADream.Models\Lake.ADream.Models.csproj", "{D77C474B-2C0E-4BAA-AD13-5C5C0F0EA094}"
EndProject
Project("{9A19103F-16F7-4668-BE54-9A1E7A4F7556}") = "Lake.ADream.Host", "Lake.ADream.Host\Lake.ADream.Host.csproj", "{E2451110-778F-487F-87BC-10AB998ACBED}"
EndProject
Project("{9A19103F-16F7-4668-BE54-9A1E7A4F7556}") = "Lake.ADream.EntityFrameworkCore", "Lake.ADream.EntityFrameworkCore\Lake.ADream.EntityFrameworkCore.csproj", "{DA306BDC-270C-461A-809A-1F3C86DDCEC8}"
EndProject
Project("{9A19103F-16F7-4668-BE54-9A1E7A4F7556}") = "ConsoleTest", "ConsoleTest\ConsoleTest.csproj", "{9F17DD85-C0C7-4D96-B897-6B132C0CD160}"
EndProject
Project("{2150E333-8FDC-42A3-9474-1A3956D46DE8}") = "Services", "Services", "{48F3CB67-5A9C-4D3E-A656-C20B26C5C47E}"
EndProject
Project("{2150E333-8FDC-42A3-9474-1A3956D46DE8}") = "WebCore", "WebCore", "{43DB7136-6A4A-4F21-9F2A-D2E8F3C8A6C0}"
EndProject
Project("{9A19103F-16F7-4668-BE54-9A1E7A4F7556}") = "Lake.ADream.Web.Core", "Lake.ADream.Web.Core\Lake.ADream.Web.Core.csproj", "{15F335D0-6818-438D-86DE-B548CF9BC927}"
EndProject
Project("{9A19103F-16F7-4668-BE54-9A1E7A4F7556}") = "Lake.ADream.Services", "Lake.ADream.Services\Lake.ADream.Services.csproj", "{ADD112A3-589D-404E-8510-84A0608FBEFC}"
EndProject
Project("{9A19103F-16F7-4668-BE54-9A1E7A4F7556}") = "Lake.ADream.IServices", "Lake.ADream.IServices\Lake.ADream.IServices.csproj", "{A572D549-88CC-4FA9-822D-FC8825F711B1}"
EndProject
Project("{2150E333-8FDC-42A3-9474-1A3956D46DE8}") = "WebUi", "WebUi", "{312485EE-3840-4EB6-A6A3-EF41109128EA}"
EndProject
Project("{9A19103F-16F7-4668-BE54-9A1E7A4F7556}") = "Lake.ADream.Admin", "Lake.ADream.Admin\Lake.ADream.Admin.csproj", "{25DED01F-F4C7-4069-9764-B3DC43A23DA5}"
EndProject
Project("{9A19103F-16F7-4668-BE54-9A1E7A4F7556}") = "WebApplication1", "WebApplication1\WebApplication1.csproj", "{6C2E1542-23AB-49B1-9202-9A40DC6E1274}"
EndProject
Project("{2150E333-8FDC-42A3-9474-1A3956D46DE8}") = "NewFolder1", "NewFolder1", "{0BD41EEF-3913-43A8-8ABE-FA056A619756}"
EndProject
Project("{9A19103F-16F7-4668-BE54-9A1E7A4F7556}") = "Lake.ADream.ViewModels", "Lake.ADream.ViewModels\Lake.ADream.ViewModels.csproj", "{70F0665C-CBF1-4905-AE20-15F37A06DC43}"
EndProject
Project("{FAE04EC0-301F-11D3-BF4B-00C04F79EFBC}") = "Lake.ADream.Migrator", "Lake.ADream.Migrator\Lake.ADream.Migrator.csproj", "{5CE62324-9E8C-442F-A5A5-9309C824E285}"
EndProject
Global
	GlobalSection(SolutionConfigurationPlatforms) = preSolution
		Debug|Any CPU = Debug|Any CPU
		Release|Any CPU = Release|Any CPU
	EndGlobalSection
	GlobalSection(ProjectConfigurationPlatforms) = postSolution
		{B05E7158-1193-473A-892B-0811F04808DD}.Debug|Any CPU.ActiveCfg = Debug|Any CPU
		{B05E7158-1193-473A-892B-0811F04808DD}.Debug|Any CPU.Build.0 = Debug|Any CPU
		{B05E7158-1193-473A-892B-0811F04808DD}.Release|Any CPU.ActiveCfg = Release|Any CPU
		{B05E7158-1193-473A-892B-0811F04808DD}.Release|Any CPU.Build.0 = Release|Any CPU
		{1AEC55F7-42B3-4E3A-8B2A-2213CB16A690}.Debug|Any CPU.ActiveCfg = Debug|Any CPU
		{1AEC55F7-42B3-4E3A-8B2A-2213CB16A690}.Debug|Any CPU.Build.0 = Debug|Any CPU
		{1AEC55F7-42B3-4E3A-8B2A-2213CB16A690}.Release|Any CPU.ActiveCfg = Release|Any CPU
		{1AEC55F7-42B3-4E3A-8B2A-2213CB16A690}.Release|Any CPU.Build.0 = Release|Any CPU
		{D77C474B-2C0E-4BAA-AD13-5C5C0F0EA094}.Debug|Any CPU.ActiveCfg = Debug|Any CPU
		{D77C474B-2C0E-4BAA-AD13-5C5C0F0EA094}.Debug|Any CPU.Build.0 = Debug|Any CPU
		{D77C474B-2C0E-4BAA-AD13-5C5C0F0EA094}.Release|Any CPU.ActiveCfg = Release|Any CPU
		{D77C474B-2C0E-4BAA-AD13-5C5C0F0EA094}.Release|Any CPU.Build.0 = Release|Any CPU
		{E2451110-778F-487F-87BC-10AB998ACBED}.Debug|Any CPU.ActiveCfg = Debug|Any CPU
		{E2451110-778F-487F-87BC-10AB998ACBED}.Debug|Any CPU.Build.0 = Debug|Any CPU
		{E2451110-778F-487F-87BC-10AB998ACBED}.Release|Any CPU.ActiveCfg = Release|Any CPU
		{E2451110-778F-487F-87BC-10AB998ACBED}.Release|Any CPU.Build.0 = Release|Any CPU
		{DA306BDC-270C-461A-809A-1F3C86DDCEC8}.Debug|Any CPU.ActiveCfg = Debug|Any CPU
		{DA306BDC-270C-461A-809A-1F3C86DDCEC8}.Debug|Any CPU.Build.0 = Debug|Any CPU
		{DA306BDC-270C-461A-809A-1F3C86DDCEC8}.Release|Any CPU.ActiveCfg = Release|Any CPU
		{DA306BDC-270C-461A-809A-1F3C86DDCEC8}.Release|Any CPU.Build.0 = Release|Any CPU
		{9F17DD85-C0C7-4D96-B897-6B132C0CD160}.Debug|Any CPU.ActiveCfg = Debug|Any CPU
		{9F17DD85-C0C7-4D96-B897-6B132C0CD160}.Debug|Any CPU.Build.0 = Debug|Any CPU
		{9F17DD85-C0C7-4D96-B897-6B132C0CD160}.Release|Any CPU.ActiveCfg = Release|Any CPU
		{9F17DD85-C0C7-4D96-B897-6B132C0CD160}.Release|Any CPU.Build.0 = Release|Any CPU
		{15F335D0-6818-438D-86DE-B548CF9BC927}.Debug|Any CPU.ActiveCfg = Debug|Any CPU
		{15F335D0-6818-438D-86DE-B548CF9BC927}.Debug|Any CPU.Build.0 = Debug|Any CPU
		{15F335D0-6818-438D-86DE-B548CF9BC927}.Release|Any CPU.ActiveCfg = Release|Any CPU
		{15F335D0-6818-438D-86DE-B548CF9BC927}.Release|Any CPU.Build.0 = Release|Any CPU
		{ADD112A3-589D-404E-8510-84A0608FBEFC}.Debug|Any CPU.ActiveCfg = Debug|Any CPU
		{ADD112A3-589D-404E-8510-84A0608FBEFC}.Debug|Any CPU.Build.0 = Debug|Any CPU
		{ADD112A3-589D-404E-8510-84A0608FBEFC}.Release|Any CPU.ActiveCfg = Release|Any CPU
		{ADD112A3-589D-404E-8510-84A0608FBEFC}.Release|Any CPU.Build.0 = Release|Any CPU
		{A572D549-88CC-4FA9-822D-FC8825F711B1}.Debug|Any CPU.ActiveCfg = Debug|Any CPU
		{A572D549-88CC-4FA9-822D-FC8825F711B1}.Debug|Any CPU.Build.0 = Debug|Any CPU
		{A572D549-88CC-4FA9-822D-FC8825F711B1}.Release|Any CPU.ActiveCfg = Release|Any CPU
		{A572D549-88CC-4FA9-822D-FC8825F711B1}.Release|Any CPU.Build.0 = Release|Any CPU
		{25DED01F-F4C7-4069-9764-B3DC43A23DA5}.Debug|Any CPU.ActiveCfg = Debug|Any CPU
		{25DED01F-F4C7-4069-9764-B3DC43A23DA5}.Debug|Any CPU.Build.0 = Debug|Any CPU
		{25DED01F-F4C7-4069-9764-B3DC43A23DA5}.Release|Any CPU.ActiveCfg = Release|Any CPU
		{25DED01F-F4C7-4069-9764-B3DC43A23DA5}.Release|Any CPU.Build.0 = Release|Any CPU
		{6C2E1542-23AB-49B1-9202-9A40DC6E1274}.Debug|Any CPU.ActiveCfg = Debug|Any CPU
		{6C2E1542-23AB-49B1-9202-9A40DC6E1274}.Debug|Any CPU.Build.0 = Debug|Any CPU
		{6C2E1542-23AB-49B1-9202-9A40DC6E1274}.Release|Any CPU.ActiveCfg = Release|Any CPU
		{6C2E1542-23AB-49B1-9202-9A40DC6E1274}.Release|Any CPU.Build.0 = Release|Any CPU
		{70F0665C-CBF1-4905-AE20-15F37A06DC43}.Debug|Any CPU.ActiveCfg = Debug|Any CPU
		{70F0665C-CBF1-4905-AE20-15F37A06DC43}.Debug|Any CPU.Build.0 = Debug|Any CPU
		{70F0665C-CBF1-4905-AE20-15F37A06DC43}.Release|Any CPU.ActiveCfg = Release|Any CPU
		{70F0665C-CBF1-4905-AE20-15F37A06DC43}.Release|Any CPU.Build.0 = Release|Any CPU
		{5CE62324-9E8C-442F-A5A5-9309C824E285}.Debug|Any CPU.ActiveCfg = Debug|Any CPU
		{5CE62324-9E8C-442F-A5A5-9309C824E285}.Debug|Any CPU.Build.0 = Debug|Any CPU
		{5CE62324-9E8C-442F-A5A5-9309C824E285}.Release|Any CPU.ActiveCfg = Release|Any CPU
		{5CE62324-9E8C-442F-A5A5-9309C824E285}.Release|Any CPU.Build.0 = Release|Any CPU
	EndGlobalSection
	GlobalSection(SolutionProperties) = preSolution
		HideSolutionNode = FALSE
	EndGlobalSection
	GlobalSection(NestedProjects) = preSolution
		{B05E7158-1193-473A-892B-0811F04808DD} = {66413A2C-2D50-4818-BF7A-53D5124B76F1}
		{1AEC55F7-42B3-4E3A-8B2A-2213CB16A690} = {59766D22-BD87-4F7E-BAE4-0EDF2E805932}
		{D77C474B-2C0E-4BAA-AD13-5C5C0F0EA094} = {3C6D525F-EBD9-4482-B7FA-479B6470B45B}
		{E2451110-778F-487F-87BC-10AB998ACBED} = {312485EE-3840-4EB6-A6A3-EF41109128EA}
		{15F335D0-6818-438D-86DE-B548CF9BC927} = {43DB7136-6A4A-4F21-9F2A-D2E8F3C8A6C0}
		{ADD112A3-589D-404E-8510-84A0608FBEFC} = {48F3CB67-5A9C-4D3E-A656-C20B26C5C47E}
		{A572D549-88CC-4FA9-822D-FC8825F711B1} = {48F3CB67-5A9C-4D3E-A656-C20B26C5C47E}
		{25DED01F-F4C7-4069-9764-B3DC43A23DA5} = {312485EE-3840-4EB6-A6A3-EF41109128EA}
		{0BD41EEF-3913-43A8-8ABE-FA056A619756} = {66413A2C-2D50-4818-BF7A-53D5124B76F1}
		{70F0665C-CBF1-4905-AE20-15F37A06DC43} = {43DB7136-6A4A-4F21-9F2A-D2E8F3C8A6C0}
	EndGlobalSection
	GlobalSection(ExtensibilityGlobals) = postSolution
		SolutionGuid = {74CD7BBC-92A3-4617-AC60-28B40299B0AB}
	EndGlobalSection
EndGlobal
